
Microsoft Visual Studio Solution File, Format Version 12.00
# Visual Studio 14
VisualStudioVersion = 14.0.24720.0
MinimumVisualStudioVersion = 10.0.40219.1
Project("{FAE04EC0-301F-11D3-BF4B-00C04F79EFBC}") = "ProyectoIngSoft", "ProyectoIngSoft\ProyectoIngSoft.csproj", "{89AEE6E9-8CF7-4FF9-B8F4-D4BAD62BDB1F}"
EndProject
Project("{FAE04EC0-301F-11D3-BF4B-00C04F79EFBC}") = "libCounchinn", "libCounchinn\libCounchinn.csproj", "{4F3D8AA7-8109-4929-80B2-B7542B8DC6AA}"
EndProject
Global
	GlobalSection(SolutionConfigurationPlatforms) = preSolution
		Debug|Any CPU = Debug|Any CPU
		Release|Any CPU = Release|Any CPU
	EndGlobalSection
	GlobalSection(ProjectConfigurationPlatforms) = postSolution
		{89AEE6E9-8CF7-4FF9-B8F4-D4BAD62BDB1F}.Debug|Any CPU.ActiveCfg = Debug|Any CPU
		{89AEE6E9-8CF7-4FF9-B8F4-D4BAD62BDB1F}.Debug|Any CPU.Build.0 = Debug|Any CPU
		{89AEE6E9-8CF7-4FF9-B8F4-D4BAD62BDB1F}.Release|Any CPU.ActiveCfg = Release|Any CPU
		{89AEE6E9-8CF7-4FF9-B8F4-D4BAD62BDB1F}.Release|Any CPU.Build.0 = Release|Any CPU
		{4F3D8AA7-8109-4929-80B2-B7542B8DC6AA}.Debug|Any CPU.ActiveCfg = Debug|Any CPU
		{4F3D8AA7-8109-4929-80B2-B7542B8DC6AA}.Debug|Any CPU.Build.0 = Debug|Any CPU
		{4F3D8AA7-8109-4929-80B2-B7542B8DC6AA}.Release|Any CPU.ActiveCfg = Release|Any CPU
		{4F3D8AA7-8109-4929-80B2-B7542B8DC6AA}.Release|Any CPU.Build.0 = Release|Any CPU
	EndGlobalSection
	GlobalSection(SolutionProperties) = preSolution
		HideSolutionNode = FALSE
	EndGlobalSection
EndGlobal
